# This file is autogenerated, do not edit; changes may be undone by the next 'dep ensure'.


[[projects]]
  branch = "master"
  name = "github.com/go-ego/cedar"
  packages = ["."]
  revision = "2769ed1ee7a4a7415360df0a014ddcc643a10883"

[[projects]]
  name = "github.com/go-ego/gse"
  packages = ["."]
  revision = "474271bdc6c05792669582162d8e5b8de2313d90"
  version = "0.10.0"

[solve-meta]
  analyzer-name = "dep"
  analyzer-version = 1
  inputs-digest = "2e3955234d639ac66e282c7af2535bb588c3f3ef8a25335a596f66133f244fb1"
  solver-name = "gps-cdcl"
  solver-version = 1
